// !$*UTF8*$!
{
	archiveVersion = 1;
	classes = {
	};
	objectVersion = 50;
	objects = {

/* Begin PBXBuildFile section */
		4FDE532B2292A6F800D27C6E /* AppDelegate.m in Sources */ = {isa = PBXBuildFile; fileRef = 4FDE532A2292A6F800D27C6E /* AppDelegate.m */; };
		4FDE532E2292A6F800D27C6E /* ViewController.m in Sources */ = {isa = PBXBuildFile; fileRef = 4FDE532D2292A6F800D27C6E /* ViewController.m */; };
		4FDE53312292A6F800D27C6E /* Main.storyboard in Resources */ = {isa = PBXBuildFile; fileRef = 4FDE532F2292A6F800D27C6E /* Main.storyboard */; };
		4FDE53332292A6F900D27C6E /* Assets.xcassets in Resources */ = {isa = PBXBuildFile; fileRef = 4FDE53322292A6F900D27C6E /* Assets.xcassets */; };
		4FDE53362292A6F900D27C6E /* LaunchScreen.storyboard in Resources */ = {isa = PBXBuildFile; fileRef = 4FDE53342292A6F900D27C6E /* LaunchScreen.storyboard */; };
		4FDE53392292A6F900D27C6E /* main.m in Sources */ = {isa = PBXBuildFile; fileRef = 4FDE53382292A6F900D27C6E /* main.m */; };
/* End PBXBuildFile section */

/* Begin PBXFileReference section */
		4FDE53262292A6F800D27C6E /* sometool_dome.app */ = {isa = PBXFileReference; explicitFileType = wrapper.application; includeInIndex = 0; path = sometool_dome.app; sourceTree = BUILT_PRODUCTS_DIR; };
		4FDE53292292A6F800D27C6E /* AppDelegate.h */ = {isa = PBXFileReference; lastKnownFileType = sourcecode.c.h; path = AppDelegate.h; sourceTree = "<group>"; };
		4FDE532A2292A6F800D27C6E /* AppDelegate.m */ = {isa = PBXFileReference; lastKnownFileType = sourcecode.c.objc; path = AppDelegate.m; sourceTree = "<group>"; };
		4FDE532C2292A6F800D27C6E /* ViewController.h */ = {isa = PBXFileReference; lastKnownFileType = sourcecode.c.h; path = ViewController.h; sourceTree = "<group>"; };
		4FDE532D2292A6F800D27C6E /* ViewController.m */ = {isa = PBXFileReference; lastKnownFileType = sourcecode.c.objc; path = ViewController.m; sourceTree = "<group>"; };
		4FDE53302292A6F800D27C6E /* Base */ = {isa = PBXFileReference; lastKnownFileType = file.storyboard; name = Base; path = Base.lproj/Main.storyboard; sourceTree = "<group>"; };
		4FDE53322292A6F900D27C6E /* Assets.xcassets */ = {isa = PBXFileReference; lastKnownFileType = folder.assetcatalog; path = Assets.xcassets; sourceTree = "<group>"; };
		4FDE53352292A6F900D27C6E /* Base */ = {isa = PBXFileReference; lastKnownFileType = file.storyboard; name = Base; path = Base.lproj/LaunchScreen.storyboard; sourceTree = "<group>"; };
		4FDE53372292A6F900D27C6E /* Info.plist */ = {isa = PBXFileReference; lastKnownFileType = text.plist.xml; path = Info.plist; sourceTree = "<group>"; };
		4FDE53382292A6F900D27C6E /* main.m */ = {isa = PBXFileReference; lastKnownFileType = sourcecode.c.objc; path = main.m; sourceTree = "<group>"; };
/* End PBXFileReference section */

/* Begin PBXFrameworksBuildPhase section */
		4FDE53232292A6F800D27C6E /* Frameworks */ = {
			isa = PBXFrameworksBuildPhase;
			buildActionMask = 2147483647;
			files = (
			);
			runOnlyForDeploymentPostprocessing = 0;
		};
/* End PBXFrameworksBuildPhase section */

/* Begin PBXGroup section */
		4FDE531D2292A6F800D27C6E = {
			isa = PBXGroup;
			children = (
				4FDE53282292A6F800D27C6E /* sometool_dome */,
				4FDE53272292A6F800D27C6E /* Products */,
			);
			sourceTree = "<group>";
		};
		4FDE53272292A6F800D27C6E /* Products */ = {
			isa = PBXGroup;
			children = (
				4FDE53262292A6F800D27C6E /* sometool_dome.app */,
			);
			name = Products;
			sourceTree = "<group>";
		};
		4FDE53282292A6F800D27C6E /* sometool_dome */ = {
			isa = PBXGroup;
			children = (
				4FDE53292292A6F800D27C6E /* AppDelegate.h */,
				4FDE532A2292A6F800D27C6E /* AppDelegate.m */,
				4FDE532C2292A6F800D27C6E /* ViewController.h */,
				4FDE532D2292A6F800D27C6E /* ViewController.m */,
				4FDE532F2292A6F800D27C6E /* Main.storyboard */,
				4FDE53322292A6F900D27C6E /* Assets.xcassets */,
				4FDE53342292A6F900D27C6E /* LaunchScreen.storyboard */,
				4FDE53372292A6F900D27C6E /* Info.plist */,
				4FDE53382292A6F900D27C6E /* main.m */,
			);
			path = sometool_dome;
			sourceTree = "<group>";
		};
/* End PBXGroup section */

/* Begin PBXNativeTarget section */
		4FDE53252292A6F800D27C6E /* sometool_dome */ = {
			isa = PBXNativeTarget;
			buildConfigurationList = 4FDE533C2292A6F900D27C6E /* Build configuration list for PBXNativeTarget "sometool_dome" */;
			buildPhases = (
				4FDE53222292A6F800D27C6E /* Sources */,
				4FDE53232292A6F800D27C6E /* Frameworks */,
				4FDE53242292A6F800D27C6E /* Resources */,
			);
			buildRules = (
			);
			dependencies = (
			);
			name = sometool_dome;
			productName = sometool_dome;
			productReference = 4FDE53262292A6F800D27C6E /* sometool_dome.app */;
			productType = "com.apple.product-type.application";
		};
/* End PBXNativeTarget section */

/* Begin PBXProject section */
		4FDE531E2292A6F800D27C6E /* Project object */ = {
			isa = PBXProject;
			attributes = {
				LastUpgradeCheck = 1020;
				ORGANIZATIONNAME = "黎峰麟";
				TargetAttributes = {
					4FDE53252292A6F800D27C6E = {
						CreatedOnToolsVersion = 10.2.1;
					};
				};
			};
			buildConfigurationList = 4FDE53212292A6F800D27C6E /* Build configuration list for PBXProject "sometool_dome" */;
			compatibilityVersion = "Xcode 9.3";
			developmentRegion = en;
			hasScannedForEncodings = 0;
			knownRegions = (
				en,
				Base,
			);
			mainGroup = 4FDE531D2292A6F800D27C6E;
			productRefGroup = 4FDE53272292A6F800D27C6E /* Products */;
			projectDirPath = "";
			projectRoot = "";
			targets = (
				4FDE53252292A6F800D27C6E /* sometool_dome */,
			);
		};
/* End PBXProject section */

/* Begin PBXResourcesBuildPhase section */
		4FDE53242292A6F800D27C6E /* Resources */ = {
			isa = PBXResourcesBuildPhase;
			buildActionMask = 2147483647;
			files = (
				4FDE53362292A6F900D27C6E /* LaunchScreen.storyboard in Resources */,
				4FDE53332292A6F900D27C6E /* Assets.xcassets in Resources */,
				4FDE53312292A6F800D27C6E /* Main.storyboard in Resources */,
			);
			runOnlyForDeploymentPostprocessing = 0;
		};
/* End PBXResourcesBuildPhase section */

/* Begin PBXSourcesBuildPhase section */
		4FDE53222292A6F800D27C6E /* Sources */ = {
			isa = PBXSourcesBuildPhase;
			buildActionMask = 2147483647;
			files = (
				4FDE532E2292A6F800D27C6E /* ViewController.m in Sources */,
				4FDE53392292A6F900D27C6E /* main.m in Sources */,
				4FDE532B2292A6F800D27C6E /* AppDelegate.m in Sources */,
			);
			runOnlyForDeploymentPostprocessing = 0;
		};
/* End PBXSourcesBuildPhase section */

/* Begin PBXVariantGroup section */
		4FDE532F2292A6F800D27C6E /* Main.storyboard */ = {
			isa = PBXVariantGroup;
			children = (
				4FDE53302292A6F800D27C6E /* Base */,
			);
			name = Main.storyboard;
			sourceTree = "<group>";
		};
		4FDE53342292A6F900D27C6E /* LaunchScreen.storyboard */ = {
			isa = PBXVariantGroup;
			children = (
				4FDE53352292A6F900D27C6E /* Base */,
			);
			name = LaunchScreen.storyboard;
			sourceTree = "<group>";
		};
/* End PBXVariantGroup section */

/* Begin XCBuildConfiguration section */
		4FDE533A2292A6F900D27C6E /* Debug */ = {
			isa = XCBuildConfiguration;
			buildSettings = {
				ALWAYS_SEARCH_USER_PATHS = NO;
				CLANG_ANALYZER_NONNULL = YES;
				CLANG_ANALYZER_NUMBER_OBJECT_CONVERSION = YES_AGGRESSIVE;
				CLANG_CXX_LANGUAGE_STANDARD = "gnu++14";
				CLANG_CXX_LIBRARY = "libc++";
				CLANG_ENABLE_MODULES = YES;
				CLANG_ENABLE_OBJC_ARC = YES;
				CLANG_ENABLE_OBJC_WEAK = YES;
				CLANG_WARN_BLOCK_CAPTURE_AUTORELEASING = YES;
				CLANG_WARN_BOOL_CONVERSION = YES;
				CLANG_WARN_COMMA = YES;
				CLANG_WARN_CONSTANT_CONVERSION = YES;
				CLANG_WARN_DEPRECATED_OBJC_IMPLEMENTATIONS = YES;
				CLANG_WARN_DIRECT_OBJC_ISA_USAGE = YES_ERROR;
				CLANG_WARN_DOCUMENTATION_COMMENTS = YES;
				CLANG_WARN_EMPTY_BODY = YES;
				CLANG_WARN_ENUM_CONVERSION = YES;
				CLANG_WARN_INFINITE_RECURSION = YES;
				CLANG_WARN_INT_CONVERSION = YES;
				CLANG_WARN_NON_LITERAL_NULL_CONVERSION = YES;
				CLANG_WARN_OBJC_IMPLICIT_RETAIN_SELF = YES;
				CLANG_WARN_OBJC_LITERAL_CONVERSION = YES;
				CLANG_WARN_OBJC_ROOT_CLASS = YES_ERROR;
				CLANG_WARN_RANGE_LOOP_ANALYSIS = YES;
				CLANG_WARN_STRICT_PROTOTYPES = YES;
				CLANG_WARN_SUSPICIOUS_MOVE = YES;
				CLANG_WARN_UNGUARDED_AVAILABILITY = YES_AGGRESSIVE;
				CLANG_WARN_UNREACHABLE_CODE = YES;
				CLANG_WARN__DUPLICATE_METHOD_MATCH = YES;
				CODE_SIGN_IDENTITY = "iPhone Developer";
				COPY_PHASE_STRIP = NO;
				DEBUG_INFORMATION_FORMAT = dwarf;
				ENABLE_STRICT_OBJC_MSGSEND = YES;
				ENABLE_TESTABILITY = YES;
				GCC_C_LANGUAGE_STANDARD = gnu11;
				GCC_DYNAMIC_NO_PIC = NO;
				GCC_NO_COMMON_BLOCKS = YES;
				GCC_OPTIMIZATION_LEVEL = 0;
				GCC_PREPROCESSOR_DEFINITIONS = (
					"DEBUG=1",
					"$(inherited)",
				);
				GCC_WARN_64_TO_32_BIT_CONVERSION = YES;
				GCC_WARN_ABOUT_RETURN_TYPE = YES_ERROR;
				GCC_WARN_UNDECLARED_SELECTOR = YES;
				GCC_WARN_UNINITIALIZED_AUTOS = YES_AGGRESSIVE;
				GCC_WARN_UNUSED_FUNCTION = YES;
				GCC_WARN_UNUSED_VARIABLE = YES;
				IPHONEOS_DEPLOYMENT_TARGET = 12.2;
				MTL_ENABLE_DEBUG_INFO = INCLUDE_SOURCE;
				MTL_FAST_MATH = YES;
				ONLY_ACTIVE_ARCH = YES;
				SDKROOT = iphoneos;
			};
			name = Debug;
		};
		4FDE533B2292A6F900D27C6E /* Release */ = {
			isa = XCBuildConfiguration;
			buildSettings = {
				ALWAYS_SEARCH_USER_PATHS = NO;
				CLANG_ANALYZER_NONNULL = YES;
				CLANG_ANALYZER_NUMBER_OBJECT_CONVERSION = YES_AGGRESSIVE;
				CLANG_CXX_LANGUAGE_STANDARD = "gnu++14";
				CLANG_CXX_LIBRARY = "libc++";
				CLANG_ENABLE_MODULES = YES;
				CLANG_ENABLE_OBJC_ARC = YES;
				CLANG_ENABLE_OBJC_WEAK = YES;
				CLANG_WARN_BLOCK_CAPTURE_AUTORELEASING = YES;
				CLANG_WARN_BOOL_CONVERSION = YES;
				CLANG_WARN_COMMA = YES;
				CLANG_WARN_CONSTANT_CONVERSION = YES;
				CLANG_WARN_DEPRECATED_OBJC_IMPLEMENTATIONS = YES;
				CLANG_WARN_DIRECT_OBJC_ISA_USAGE = YES_ERROR;
				CLANG_WARN_DOCUMENTATION_COMMENTS = YES;
				CLANG_WARN_EMPTY_BODY = YES;
				CLANG_WARN_ENUM_CONVERSION = YES;
				CLANG_WARN_INFINITE_RECURSION = YES;
				CLANG_WARN_INT_CONVERSION = YES;
				CLANG_WARN_NON_LITERAL_NULL_CONVERSION = YES;
				CLANG_WARN_OBJC_IMPLICIT_RETAIN_SELF = YES;
				CLANG_WARN_OBJC_LITERAL_CONVERSION = YES;
				CLANG_WARN_OBJC_ROOT_CLASS = YES_ERROR;
				CLANG_WARN_RANGE_LOOP_ANALYSIS = YES;
				CLANG_WARN_STRICT_PROTOTYPES = YES;
				CLANG_WARN_SUSPICIOUS_MOVE = YES;
				CLANG_WARN_UNGUARDED_AVAILABILITY = YES_AGGRESSIVE;
				CLANG_WARN_UNREACHABLE_CODE = YES;
				CLANG_WARN__DUPLICATE_METHOD_MATCH = YES;
				CODE_SIGN_IDENTITY = "iPhone Developer";
				COPY_PHASE_STRIP = NO;
				DEBUG_INFORMATION_FORMAT = "dwarf-with-dsym";
				ENABLE_NS_ASSERTIONS = NO;
				ENABLE_STRICT_OBJC_MSGSEND = YES;
				GCC_C_LANGUAGE_STANDARD = gnu11;
				GCC_NO_COMMON_BLOCKS = YES;
				GCC_WARN_64_TO_32_BIT_CONVERSION = YES;
				GCC_WARN_ABOUT_RETURN_TYPE = YES_ERROR;
				GCC_WARN_UNDECLARED_SELECTOR = YES;
				GCC_WARN_UNINITIALIZED_AUTOS = YES_AGGRESSIVE;
				GCC_WARN_UNUSED_FUNCTION = YES;
				GCC_WARN_UNUSED_VARIABLE = YES;
				IPHONEOS_DEPLOYMENT_TARGET = 12.2;
				MTL_ENABLE_DEBUG_INFO = NO;
				MTL_FAST_MATH = YES;
				SDKROOT = iphoneos;
				VALIDATE_PRODUCT = YES;
			};
			name = Release;
		};
		4FDE533D2292A6F900D27C6E /* Debug */ = {
			isa = XCBuildConfiguration;
			buildSettings = {
				ASSETCATALOG_COMPILER_APPICON_NAME = AppIcon;
				CODE_SIGN_STYLE = Automatic;
				DEVELOPMENT_TEAM = 2CLQPGC8UF;
				INFOPLIST_FILE = sometool_dome/Info.plist;
				LD_RUNPATH_SEARCH_PATHS = (
					"$(inherited)",
					"@executable_path/Frameworks",
				);
				PRODUCT_BUNDLE_IDENTIFIER = "LFL.sometool-dome";
				PRODUCT_NAME = "$(TARGET_NAME)";
				TARGETED_DEVICE_FAMILY = "1,2";
			};
			name = Debug;
		};
		4FDE533E2292A6F900D27C6E /* Release */ = {
			isa = XCBuildConfiguration;
			buildSettings = {
				ASSETCATALOG_COMPILER_APPICON_NAME = AppIcon;
				CODE_SIGN_STYLE = Automatic;
				DEVELOPMENT_TEAM = 2CLQPGC8UF;
				INFOPLIST_FILE = sometool_dome/Info.plist;
				LD_RUNPATH_SEARCH_PATHS = (
					"$(inherited)",
					"@executable_path/Frameworks",
				);
				PRODUCT_BUNDLE_IDENTIFIER = "LFL.sometool-dome";
				PRODUCT_NAME = "$(TARGET_NAME)";
				TARGETED_DEVICE_FAMILY = "1,2";
			};
			name = Release;
		};
/* End XCBuildConfiguration section */

/* Begin XCConfigurationList section */
		4FDE53212292A6F800D27C6E /* Build configuration list for PBXProject "sometool_dome" */ = {
			isa = XCConfigurationList;
			buildConfigurations = (
				4FDE533A2292A6F900D27C6E /* Debug */,
				4FDE533B2292A6F900D27C6E /* Release */,
			);
			defaultConfigurationIsVisible = 0;
			defaultConfigurationName = Release;
		};
		4FDE533C2292A6F900D27C6E /* Build configuration list for PBXNativeTarget "sometool_dome" */ = {
			isa = XCConfigurationList;
			buildConfigurations = (
				4FDE533D2292A6F900D27C6E /* Debug */,
				4FDE533E2292A6F900D27C6E /* Release */,
			);
			defaultConfigurationIsVisible = 0;
			defaultConfigurationName = Release;
		};
/* End XCConfigurationList section */
	};
	rootObject = 4FDE531E2292A6F800D27C6E /* Project object */;
}
